
Microsoft Visual Studio Solution File, Format Version 12.00
# Visual Studio 2012
Project("{FAE04EC0-301F-11D3-BF4B-00C04F79EFBC}") = "Binding", "Binding\Binding.csproj", "{677363EB-5B1F-4548-B055-B94538D646A3}"
EndProject
Project("{FAE04EC0-301F-11D3-BF4B-00C04F79EFBC}") = "CloudDataTutorial", "CloudDataTutorial\CloudDataTutorial.csproj", "{5B11081A-3A18-4C83-9B49-BB5E2C4AB83D}"
EndProject
Global
	GlobalSection(SolutionConfigurationPlatforms) = preSolution
		Debug|Any CPU = Debug|Any CPU
		Release|Any CPU = Release|Any CPU
		Debug|iPhoneSimulator = Debug|iPhoneSimulator
		Release|iPhoneSimulator = Release|iPhoneSimulator
		Debug|iPhone = Debug|iPhone
		Release|iPhone = Release|iPhone
		Ad-Hoc|iPhone = Ad-Hoc|iPhone
		AppStore|iPhone = AppStore|iPhone
	EndGlobalSection
	GlobalSection(ProjectConfigurationPlatforms) = postSolution
		{5B11081A-3A18-4C83-9B49-BB5E2C4AB83D}.Ad-Hoc|iPhone.ActiveCfg = Ad-Hoc|iPhone
		{5B11081A-3A18-4C83-9B49-BB5E2C4AB83D}.Ad-Hoc|iPhone.Build.0 = Ad-Hoc|iPhone
		{5B11081A-3A18-4C83-9B49-BB5E2C4AB83D}.AppStore|iPhone.ActiveCfg = AppStore|iPhone
		{5B11081A-3A18-4C83-9B49-BB5E2C4AB83D}.AppStore|iPhone.Build.0 = AppStore|iPhone
		{5B11081A-3A18-4C83-9B49-BB5E2C4AB83D}.Debug|Any CPU.ActiveCfg = Debug|iPhoneSimulator
		{5B11081A-3A18-4C83-9B49-BB5E2C4AB83D}.Debug|Any CPU.Build.0 = Debug|iPhoneSimulator
		{5B11081A-3A18-4C83-9B49-BB5E2C4AB83D}.Debug|iPhone.ActiveCfg = Debug|iPhone
		{5B11081A-3A18-4C83-9B49-BB5E2C4AB83D}.Debug|iPhone.Build.0 = Debug|iPhone
		{5B11081A-3A18-4C83-9B49-BB5E2C4AB83D}.Debug|iPhoneSimulator.ActiveCfg = Debug|iPhoneSimulator
		{5B11081A-3A18-4C83-9B49-BB5E2C4AB83D}.Debug|iPhoneSimulator.Build.0 = Debug|iPhoneSimulator
		{5B11081A-3A18-4C83-9B49-BB5E2C4AB83D}.Release|Any CPU.ActiveCfg = Release|iPhoneSimulator
		{5B11081A-3A18-4C83-9B49-BB5E2C4AB83D}.Release|Any CPU.Build.0 = Release|iPhoneSimulator
		{5B11081A-3A18-4C83-9B49-BB5E2C4AB83D}.Release|iPhone.ActiveCfg = Release|iPhone
		{5B11081A-3A18-4C83-9B49-BB5E2C4AB83D}.Release|iPhone.Build.0 = Release|iPhone
		{5B11081A-3A18-4C83-9B49-BB5E2C4AB83D}.Release|iPhoneSimulator.ActiveCfg = Release|iPhoneSimulator
		{5B11081A-3A18-4C83-9B49-BB5E2C4AB83D}.Release|iPhoneSimulator.Build.0 = Release|iPhoneSimulator
		{677363EB-5B1F-4548-B055-B94538D646A3}.Ad-Hoc|iPhone.ActiveCfg = Debug|Any CPU
		{677363EB-5B1F-4548-B055-B94538D646A3}.Ad-Hoc|iPhone.Build.0 = Debug|Any CPU
		{677363EB-5B1F-4548-B055-B94538D646A3}.AppStore|iPhone.ActiveCfg = Debug|Any CPU
		{677363EB-5B1F-4548-B055-B94538D646A3}.AppStore|iPhone.Build.0 = Debug|Any CPU
		{677363EB-5B1F-4548-B055-B94538D646A3}.Debug|Any CPU.ActiveCfg = Debug|Any CPU
		{677363EB-5B1F-4548-B055-B94538D646A3}.Debug|Any CPU.Build.0 = Debug|Any CPU
		{677363EB-5B1F-4548-B055-B94538D646A3}.Debug|iPhone.ActiveCfg = Debug|Any CPU
		{677363EB-5B1F-4548-B055-B94538D646A3}.Debug|iPhone.Build.0 = Debug|Any CPU
		{677363EB-5B1F-4548-B055-B94538D646A3}.Debug|iPhoneSimulator.ActiveCfg = Debug|Any CPU
		{677363EB-5B1F-4548-B055-B94538D646A3}.Debug|iPhoneSimulator.Build.0 = Debug|Any CPU
		{677363EB-5B1F-4548-B055-B94538D646A3}.Release|Any CPU.ActiveCfg = Release|Any CPU
		{677363EB-5B1F-4548-B055-B94538D646A3}.Release|Any CPU.Build.0 = Release|Any CPU
		{677363EB-5B1F-4548-B055-B94538D646A3}.Release|iPhone.ActiveCfg = Release|Any CPU
		{677363EB-5B1F-4548-B055-B94538D646A3}.Release|iPhone.Build.0 = Release|Any CPU
		{677363EB-5B1F-4548-B055-B94538D646A3}.Release|iPhoneSimulator.ActiveCfg = Release|Any CPU
		{677363EB-5B1F-4548-B055-B94538D646A3}.Release|iPhoneSimulator.Build.0 = Release|Any CPU
	EndGlobalSection
	GlobalSection(MonoDevelopProperties) = preSolution
		StartupItem = CloudDataTutorial\CloudDataTutorial.csproj
	EndGlobalSection
	GlobalSection(SolutionProperties) = preSolution
		HideSolutionNode = FALSE
	EndGlobalSection
EndGlobal
