
Microsoft Visual Studio Solution File, Format Version 12.00
# Visual Studio 2012
Project("{FAE04EC0-301F-11D3-BF4B-00C04F79EFBC}") = "Binding", "Binding\Binding.csproj", "{677363EB-5B1F-4548-B055-B94538D646A3}"
EndProject
Project("{FAE04EC0-301F-11D3-BF4B-00C04F79EFBC}") = "AGSTestCS", "AGSTestCS\AGSTestCS.csproj", "{515C2DCB-2D30-448B-96CD-47185E114E7C}"
EndProject
Global
	GlobalSection(SolutionConfigurationPlatforms) = preSolution
		Debug|Any CPU = Debug|Any CPU
		Release|Any CPU = Release|Any CPU
		Debug|iPhoneSimulator = Debug|iPhoneSimulator
		Release|iPhoneSimulator = Release|iPhoneSimulator
		Debug|iPhone = Debug|iPhone
		Release|iPhone = Release|iPhone
		Ad-Hoc|iPhone = Ad-Hoc|iPhone
		AppStore|iPhone = AppStore|iPhone
	EndGlobalSection
	GlobalSection(ProjectConfigurationPlatforms) = postSolution
		{515C2DCB-2D30-448B-96CD-47185E114E7C}.Ad-Hoc|iPhone.ActiveCfg = Ad-Hoc|iPhone
		{515C2DCB-2D30-448B-96CD-47185E114E7C}.Ad-Hoc|iPhone.Build.0 = Ad-Hoc|iPhone
		{515C2DCB-2D30-448B-96CD-47185E114E7C}.AppStore|iPhone.ActiveCfg = AppStore|iPhone
		{515C2DCB-2D30-448B-96CD-47185E114E7C}.AppStore|iPhone.Build.0 = AppStore|iPhone
		{515C2DCB-2D30-448B-96CD-47185E114E7C}.Debug|Any CPU.ActiveCfg = Debug|iPhoneSimulator
		{515C2DCB-2D30-448B-96CD-47185E114E7C}.Debug|Any CPU.Build.0 = Debug|iPhoneSimulator
		{515C2DCB-2D30-448B-96CD-47185E114E7C}.Debug|iPhone.ActiveCfg = Debug|iPhone
		{515C2DCB-2D30-448B-96CD-47185E114E7C}.Debug|iPhone.Build.0 = Debug|iPhone
		{515C2DCB-2D30-448B-96CD-47185E114E7C}.Debug|iPhoneSimulator.ActiveCfg = Debug|iPhoneSimulator
		{515C2DCB-2D30-448B-96CD-47185E114E7C}.Debug|iPhoneSimulator.Build.0 = Debug|iPhoneSimulator
		{515C2DCB-2D30-448B-96CD-47185E114E7C}.Release|Any CPU.ActiveCfg = Release|iPhoneSimulator
		{515C2DCB-2D30-448B-96CD-47185E114E7C}.Release|Any CPU.Build.0 = Release|iPhoneSimulator
		{515C2DCB-2D30-448B-96CD-47185E114E7C}.Release|iPhone.ActiveCfg = Release|iPhone
		{515C2DCB-2D30-448B-96CD-47185E114E7C}.Release|iPhone.Build.0 = Release|iPhone
		{515C2DCB-2D30-448B-96CD-47185E114E7C}.Release|iPhoneSimulator.ActiveCfg = Release|iPhoneSimulator
		{515C2DCB-2D30-448B-96CD-47185E114E7C}.Release|iPhoneSimulator.Build.0 = Release|iPhoneSimulator
		{677363EB-5B1F-4548-B055-B94538D646A3}.Ad-Hoc|iPhone.ActiveCfg = Debug|Any CPU
		{677363EB-5B1F-4548-B055-B94538D646A3}.Ad-Hoc|iPhone.Build.0 = Debug|Any CPU
		{677363EB-5B1F-4548-B055-B94538D646A3}.AppStore|iPhone.ActiveCfg = Debug|Any CPU
		{677363EB-5B1F-4548-B055-B94538D646A3}.AppStore|iPhone.Build.0 = Debug|Any CPU
		{677363EB-5B1F-4548-B055-B94538D646A3}.Debug|Any CPU.ActiveCfg = Debug|Any CPU
		{677363EB-5B1F-4548-B055-B94538D646A3}.Debug|Any CPU.Build.0 = Debug|Any CPU
		{677363EB-5B1F-4548-B055-B94538D646A3}.Debug|iPhone.ActiveCfg = Debug|Any CPU
		{677363EB-5B1F-4548-B055-B94538D646A3}.Debug|iPhone.Build.0 = Debug|Any CPU
		{677363EB-5B1F-4548-B055-B94538D646A3}.Debug|iPhoneSimulator.ActiveCfg = Debug|Any CPU
		{677363EB-5B1F-4548-B055-B94538D646A3}.Debug|iPhoneSimulator.Build.0 = Debug|Any CPU
		{677363EB-5B1F-4548-B055-B94538D646A3}.Release|Any CPU.ActiveCfg = Release|Any CPU
		{677363EB-5B1F-4548-B055-B94538D646A3}.Release|Any CPU.Build.0 = Release|Any CPU
		{677363EB-5B1F-4548-B055-B94538D646A3}.Release|iPhone.ActiveCfg = Release|Any CPU
		{677363EB-5B1F-4548-B055-B94538D646A3}.Release|iPhone.Build.0 = Release|Any CPU
		{677363EB-5B1F-4548-B055-B94538D646A3}.Release|iPhoneSimulator.ActiveCfg = Release|Any CPU
		{677363EB-5B1F-4548-B055-B94538D646A3}.Release|iPhoneSimulator.Build.0 = Release|Any CPU
	EndGlobalSection
	GlobalSection(MonoDevelopProperties) = preSolution
		StartupItem = AGSTestCS\AGSTestCS.csproj
	EndGlobalSection
	GlobalSection(SolutionProperties) = preSolution
		HideSolutionNode = FALSE
	EndGlobalSection
EndGlobal
